PODS:
  - Alamofire (4.9.0)
  - ASHorizontalScrollView (1.5.2)
  - Cosmos (20.0.1)
  - SwiftyJSON (4.3.0)

DEPENDENCIES:
  - Alamofire (~> 4.8)
  - ASHorizontalScrollView (~> 1.5.2)
  - Cosmos (~> 20.0)
  - SwiftyJSON (~> 4.0)

SPEC REPOS:
  trunk:
    - Alamofire
    - ASHorizontalScrollView
    - Cosmos
    - SwiftyJSON

SPEC CHECKSUMS:
  Alamofire: afc3e7c6db61476cb45cdd23fed06bad03bbc321
  ASHorizontalScrollView: b84b60fa1ce2088d569e5faa8379846c143c824d
  Cosmos: b47fddf2102bb48580cd3025d9ce0a5c658a65da
  SwiftyJSON: 6faa0040f8b59dead0ee07436cbf76b73c08fd08

PODFILE CHECKSUM: e9161efe711975be4723892a1d8b765270ef35c0

COCOAPODS: 1.8.3
